
Microsoft Visual Studio Solution File, Format Version 12.00
# Visual Studio 15
VisualStudioVersion = 15.0.27703.2026
MinimumVisualStudioVersion = 10.0.40219.1
Project("{FAE04EC0-301F-11D3-BF4B-00C04F79EFBC}") = "HaberPortali.Data", "HaberPortali.Data\HaberPortali.Data.csproj", "{831F81A5-92D2-486D-8FAB-88FE8E3AFF14}"
EndProject
Project("{FAE04EC0-301F-11D3-BF4B-00C04F79EFBC}") = "HaberPortali.Core", "HaberPortali.Core\HaberPortali.Core.csproj", "{C7102ECB-87B4-44F0-8C46-35896E37EF26}"
EndProject
Project("{FAE04EC0-301F-11D3-BF4B-00C04F79EFBC}") = "HaberPortali.Admin", "HaberPortali.Admin\HaberPortali.Admin.csproj", "{90CFD0B5-A67A-4906-BCDF-9FF9EA72F636}"
EndProject
Project("{FAE04EC0-301F-11D3-BF4B-00C04F79EFBC}") = "HaberPortali.UI", "HaberPortali.UI\HaberPortali.UI.csproj", "{15FF73F3-1A74-4606-8EE4-F56483A2EC74}"
EndProject
Project("{FAE04EC0-301F-11D3-BF4B-00C04F79EFBC}") = "HaberPortali.Service", "HaberPortali.Service\HaberPortali.Service.csproj", "{08C62376-7ECA-4236-A78A-1248FB60D2BF}"
EndProject
Global
	GlobalSection(SolutionConfigurationPlatforms) = preSolution
		Debug|Any CPU = Debug|Any CPU
		Release|Any CPU = Release|Any CPU
	EndGlobalSection
	GlobalSection(ProjectConfigurationPlatforms) = postSolution
		{831F81A5-92D2-486D-8FAB-88FE8E3AFF14}.Debug|Any CPU.ActiveCfg = Debug|Any CPU
		{831F81A5-92D2-486D-8FAB-88FE8E3AFF14}.Debug|Any CPU.Build.0 = Debug|Any CPU
		{831F81A5-92D2-486D-8FAB-88FE8E3AFF14}.Release|Any CPU.ActiveCfg = Release|Any CPU
		{831F81A5-92D2-486D-8FAB-88FE8E3AFF14}.Release|Any CPU.Build.0 = Release|Any CPU
		{C7102ECB-87B4-44F0-8C46-35896E37EF26}.Debug|Any CPU.ActiveCfg = Debug|Any CPU
		{C7102ECB-87B4-44F0-8C46-35896E37EF26}.Debug|Any CPU.Build.0 = Debug|Any CPU
		{C7102ECB-87B4-44F0-8C46-35896E37EF26}.Release|Any CPU.ActiveCfg = Release|Any CPU
		{C7102ECB-87B4-44F0-8C46-35896E37EF26}.Release|Any CPU.Build.0 = Release|Any CPU
		{90CFD0B5-A67A-4906-BCDF-9FF9EA72F636}.Debug|Any CPU.ActiveCfg = Debug|Any CPU
		{90CFD0B5-A67A-4906-BCDF-9FF9EA72F636}.Debug|Any CPU.Build.0 = Debug|Any CPU
		{90CFD0B5-A67A-4906-BCDF-9FF9EA72F636}.Release|Any CPU.ActiveCfg = Release|Any CPU
		{90CFD0B5-A67A-4906-BCDF-9FF9EA72F636}.Release|Any CPU.Build.0 = Release|Any CPU
		{15FF73F3-1A74-4606-8EE4-F56483A2EC74}.Debug|Any CPU.ActiveCfg = Debug|Any CPU
		{15FF73F3-1A74-4606-8EE4-F56483A2EC74}.Debug|Any CPU.Build.0 = Debug|Any CPU
		{15FF73F3-1A74-4606-8EE4-F56483A2EC74}.Release|Any CPU.ActiveCfg = Release|Any CPU
		{15FF73F3-1A74-4606-8EE4-F56483A2EC74}.Release|Any CPU.Build.0 = Release|Any CPU
		{08C62376-7ECA-4236-A78A-1248FB60D2BF}.Debug|Any CPU.ActiveCfg = Debug|Any CPU
		{08C62376-7ECA-4236-A78A-1248FB60D2BF}.Debug|Any CPU.Build.0 = Debug|Any CPU
		{08C62376-7ECA-4236-A78A-1248FB60D2BF}.Release|Any CPU.ActiveCfg = Release|Any CPU
		{08C62376-7ECA-4236-A78A-1248FB60D2BF}.Release|Any CPU.Build.0 = Release|Any CPU
	EndGlobalSection
	GlobalSection(SolutionProperties) = preSolution
		HideSolutionNode = FALSE
	EndGlobalSection
	GlobalSection(ExtensibilityGlobals) = postSolution
		SolutionGuid = {D6AACE6A-480C-4360-98D8-C9AFB93290F6}
	EndGlobalSection
EndGlobal
